// !$*UTF8*$!
{
	archiveVersion = 1;
	classes = {
	};
	objectVersion = 55;
	objects = {

/* Begin PBXBuildFile section */
		B5684D71283A599400470CF8 /* AppDelegate.swift in Sources */ = {isa = PBXBuildFile; fileRef = B5684D70283A599400470CF8 /* AppDelegate.swift */; };
		B5684D73283A599400470CF8 /* SceneDelegate.swift in Sources */ = {isa = PBXBuildFile; fileRef = B5684D72283A599400470CF8 /* SceneDelegate.swift */; };
		B5684D75283A599400470CF8 /* ViewController.swift in Sources */ = {isa = PBXBuildFile; fileRef = B5684D74283A599400470CF8 /* ViewController.swift */; };
		B5684D78283A599400470CF8 /* Main.storyboard in Resources */ = {isa = PBXBuildFile; fileRef = B5684D76283A599400470CF8 /* Main.storyboard */; };
		B5684D7A283A599500470CF8 /* Assets.xcassets in Resources */ = {isa = PBXBuildFile; fileRef = B5684D79283A599500470CF8 /* Assets.xcassets */; };
		B5684D7D283A599500470CF8 /* LaunchScreen.storyboard in Resources */ = {isa = PBXBuildFile; fileRef = B5684D7B283A599500470CF8 /* LaunchScreen.storyboard */; };
		B5684D86283A59A800470CF8 /* FirstViewController.swift in Sources */ = {isa = PBXBuildFile; fileRef = B5684D85283A59A800470CF8 /* FirstViewController.swift */; };
		B5684D88283A59AC00470CF8 /* SecondViewController.swift in Sources */ = {isa = PBXBuildFile; fileRef = B5684D87283A59AC00470CF8 /* SecondViewController.swift */; };
		B5684D8A283A59B100470CF8 /* First.storyboard in Resources */ = {isa = PBXBuildFile; fileRef = B5684D89283A59B100470CF8 /* First.storyboard */; };
		B5684D8C283A59B500470CF8 /* Second.storyboard in Resources */ = {isa = PBXBuildFile; fileRef = B5684D8B283A59B500470CF8 /* Second.storyboard */; };
		B5684D8E283A5CF600470CF8 /* SegueViewController.swift in Sources */ = {isa = PBXBuildFile; fileRef = B5684D8D283A5CF600470CF8 /* SegueViewController.swift */; };
		B5684D90283A5E1F00470CF8 /* InstanceViewController.swift in Sources */ = {isa = PBXBuildFile; fileRef = B5684D8F283A5E1F00470CF8 /* InstanceViewController.swift */; };
		B5684D92283A5E6100470CF8 /* Instance.storyboard in Resources */ = {isa = PBXBuildFile; fileRef = B5684D91283A5E6100470CF8 /* Instance.storyboard */; };
		B5684D94283A611000470CF8 /* DelegateViewController.swift in Sources */ = {isa = PBXBuildFile; fileRef = B5684D93283A611000470CF8 /* DelegateViewController.swift */; };
		B5684D96283A611500470CF8 /* Delegate.storyboard in Resources */ = {isa = PBXBuildFile; fileRef = B5684D95283A611500470CF8 /* Delegate.storyboard */; };
		B5684D98283A685300470CF8 /* ClosureViewController.swift in Sources */ = {isa = PBXBuildFile; fileRef = B5684D97283A685300470CF8 /* ClosureViewController.swift */; };
		B5684D9A283A685A00470CF8 /* Closure.storyboard in Resources */ = {isa = PBXBuildFile; fileRef = B5684D99283A685A00470CF8 /* Closure.storyboard */; };
		B5684D9C283A6E1600470CF8 /* NotiViewController.swift in Sources */ = {isa = PBXBuildFile; fileRef = B5684D9B283A6E1600470CF8 /* NotiViewController.swift */; };
		B5684D9E283A6E2300470CF8 /* Noti.storyboard in Resources */ = {isa = PBXBuildFile; fileRef = B5684D9D283A6E2300470CF8 /* Noti.storyboard */; };
		B5ADF5262861ED4E00CCF023 /* DispatchQueue.swift in Sources */ = {isa = PBXBuildFile; fileRef = B5ADF5252861ED4E00CCF023 /* DispatchQueue.swift */; };
		B5ADF5292861ED7100CCF023 /* DispatchQueue.storyboard in Resources */ = {isa = PBXBuildFile; fileRef = B5ADF5282861ED7100CCF023 /* DispatchQueue.storyboard */; };
		B5ADF52B2863798900CCF023 /* hugging.storyboard in Resources */ = {isa = PBXBuildFile; fileRef = B5ADF52A2863798900CCF023 /* hugging.storyboard */; };
		B5ADF53028639A0F00CCF023 /* CodeLayoutViewController.swift in Sources */ = {isa = PBXBuildFile; fileRef = B5ADF52F28639A0F00CCF023 /* CodeLayoutViewController.swift */; };
		B5ADF5AC286B730100CCF023 /* PhotoMainViewController.swift in Sources */ = {isa = PBXBuildFile; fileRef = B5ADF5AB286B730100CCF023 /* PhotoMainViewController.swift */; };
		B5ADF5B0286B809B00CCF023 /* TagCollectionViewCell.swift in Sources */ = {isa = PBXBuildFile; fileRef = B5ADF5AF286B809B00CCF023 /* TagCollectionViewCell.swift */; };
		B5B5C10B286CC2C200FC5134 /* TagDataModel.swift in Sources */ = {isa = PBXBuildFile; fileRef = B5B5C10A286CC2C200FC5134 /* TagDataModel.swift */; };
		B5B5C10D286E086700FC5134 /* PhotoCollectionViewCell.swift in Sources */ = {isa = PBXBuildFile; fileRef = B5B5C10C286E086700FC5134 /* PhotoCollectionViewCell.swift */; };
		B5B5C1102871960900FC5134 /* MainViewController.swift in Sources */ = {isa = PBXBuildFile; fileRef = B5B5C10F2871960900FC5134 /* MainViewController.swift */; };
		B5B5C112287198BC00FC5134 /* EventsCollectionViewCell.swift in Sources */ = {isa = PBXBuildFile; fileRef = B5B5C111287198BC00FC5134 /* EventsCollectionViewCell.swift */; };
		B5B5C11628719D5200FC5134 /* EventDataModel.swift in Sources */ = {isa = PBXBuildFile; fileRef = B5B5C11528719D5200FC5134 /* EventDataModel.swift */; };
		B5B5C1182871A64800FC5134 /* CollectionReusableView.swift in Sources */ = {isa = PBXBuildFile; fileRef = B5B5C1172871A64800FC5134 /* CollectionReusableView.swift */; };
		E49CFECB0D5A390D4511CC58 /* Pods_practice_ios.framework in Frameworks */ = {isa = PBXBuildFile; fileRef = 362A6E4D0AB187832A6FA994 /* Pods_practice_ios.framework */; };
/* End PBXBuildFile section */

/* Begin PBXFileReference section */
		362A6E4D0AB187832A6FA994 /* Pods_practice_ios.framework */ = {isa = PBXFileReference; explicitFileType = wrapper.framework; includeInIndex = 0; path = Pods_practice_ios.framework; sourceTree = BUILT_PRODUCTS_DIR; };
		37400F5FE560EA9C594E0F50 /* Pods-practice-ios.debug.xcconfig */ = {isa = PBXFileReference; includeInIndex = 1; lastKnownFileType = text.xcconfig; name = "Pods-practice-ios.debug.xcconfig"; path = "Target Support Files/Pods-practice-ios/Pods-practice-ios.debug.xcconfig"; sourceTree = "<group>"; };
		902D47A9545E2785905B1086 /* Pods-practice-ios.release.xcconfig */ = {isa = PBXFileReference; includeInIndex = 1; lastKnownFileType = text.xcconfig; name = "Pods-practice-ios.release.xcconfig"; path = "Target Support Files/Pods-practice-ios/Pods-practice-ios.release.xcconfig"; sourceTree = "<group>"; };
		B5684D6D283A599400470CF8 /* practice-ios.app */ = {isa = PBXFileReference; explicitFileType = wrapper.application; includeInIndex = 0; path = "practice-ios.app"; sourceTree = BUILT_PRODUCTS_DIR; };
		B5684D70283A599400470CF8 /* AppDelegate.swift */ = {isa = PBXFileReference; lastKnownFileType = sourcecode.swift; path = AppDelegate.swift; sourceTree = "<group>"; };
		B5684D72283A599400470CF8 /* SceneDelegate.swift */ = {isa = PBXFileReference; lastKnownFileType = sourcecode.swift; path = SceneDelegate.swift; sourceTree = "<group>"; };
		B5684D74283A599400470CF8 /* ViewController.swift */ = {isa = PBXFileReference; lastKnownFileType = sourcecode.swift; path = ViewController.swift; sourceTree = "<group>"; };
		B5684D77283A599400470CF8 /* Base */ = {isa = PBXFileReference; lastKnownFileType = file.storyboard; name = Base; path = Base.lproj/Main.storyboard; sourceTree = "<group>"; };
		B5684D79283A599500470CF8 /* Assets.xcassets */ = {isa = PBXFileReference; lastKnownFileType = folder.assetcatalog; path = Assets.xcassets; sourceTree = "<group>"; };
		B5684D7C283A599500470CF8 /* Base */ = {isa = PBXFileReference; lastKnownFileType = file.storyboard; name = Base; path = Base.lproj/LaunchScreen.storyboard; sourceTree = "<group>"; };
		B5684D7E283A599500470CF8 /* Info.plist */ = {isa = PBXFileReference; lastKnownFileType = text.plist.xml; path = Info.plist; sourceTree = "<group>"; };
		B5684D85283A59A800470CF8 /* FirstViewController.swift */ = {isa = PBXFileReference; lastKnownFileType = sourcecode.swift; path = FirstViewController.swift; sourceTree = "<group>"; };
		B5684D87283A59AC00470CF8 /* SecondViewController.swift */ = {isa = PBXFileReference; lastKnownFileType = sourcecode.swift; path = SecondViewController.swift; sourceTree = "<group>"; };
		B5684D89283A59B100470CF8 /* First.storyboard */ = {isa = PBXFileReference; lastKnownFileType = file.storyboard; path = First.storyboard; sourceTree = "<group>"; };
		B5684D8B283A59B500470CF8 /* Second.storyboard */ = {isa = PBXFileReference; lastKnownFileType = file.storyboard; path = Second.storyboard; sourceTree = "<group>"; };
		B5684D8D283A5CF600470CF8 /* SegueViewController.swift */ = {isa = PBXFileReference; lastKnownFileType = sourcecode.swift; path = SegueViewController.swift; sourceTree = "<group>"; };
		B5684D8F283A5E1F00470CF8 /* InstanceViewController.swift */ = {isa = PBXFileReference; lastKnownFileType = sourcecode.swift; path = InstanceViewController.swift; sourceTree = "<group>"; };
		B5684D91283A5E6100470CF8 /* Instance.storyboard */ = {isa = PBXFileReference; lastKnownFileType = file.storyboard; path = Instance.storyboard; sourceTree = "<group>"; };
		B5684D93283A611000470CF8 /* DelegateViewController.swift */ = {isa = PBXFileReference; lastKnownFileType = sourcecode.swift; path = DelegateViewController.swift; sourceTree = "<group>"; };
		B5684D95283A611500470CF8 /* Delegate.storyboard */ = {isa = PBXFileReference; lastKnownFileType = file.storyboard; path = Delegate.storyboard; sourceTree = "<group>"; };
		B5684D97283A685300470CF8 /* ClosureViewController.swift */ = {isa = PBXFileReference; lastKnownFileType = sourcecode.swift; path = ClosureViewController.swift; sourceTree = "<group>"; };
		B5684D99283A685A00470CF8 /* Closure.storyboard */ = {isa = PBXFileReference; lastKnownFileType = file.storyboard; path = Closure.storyboard; sourceTree = "<group>"; };
		B5684D9B283A6E1600470CF8 /* NotiViewController.swift */ = {isa = PBXFileReference; lastKnownFileType = sourcecode.swift; path = NotiViewController.swift; sourceTree = "<group>"; };
		B5684D9D283A6E2300470CF8 /* Noti.storyboard */ = {isa = PBXFileReference; lastKnownFileType = file.storyboard; path = Noti.storyboard; sourceTree = "<group>"; };
		B5ADF5252861ED4E00CCF023 /* DispatchQueue.swift */ = {isa = PBXFileReference; lastKnownFileType = sourcecode.swift; path = DispatchQueue.swift; sourceTree = "<group>"; };
		B5ADF5282861ED7100CCF023 /* DispatchQueue.storyboard */ = {isa = PBXFileReference; lastKnownFileType = file.storyboard; path = DispatchQueue.storyboard; sourceTree = "<group>"; };
		B5ADF52A2863798900CCF023 /* hugging.storyboard */ = {isa = PBXFileReference; lastKnownFileType = file.storyboard; path = hugging.storyboard; sourceTree = "<group>"; };
		B5ADF52F28639A0F00CCF023 /* CodeLayoutViewController.swift */ = {isa = PBXFileReference; lastKnownFileType = sourcecode.swift; path = CodeLayoutViewController.swift; sourceTree = "<group>"; };
		B5ADF5AB286B730100CCF023 /* PhotoMainViewController.swift */ = {isa = PBXFileReference; lastKnownFileType = sourcecode.swift; path = PhotoMainViewController.swift; sourceTree = "<group>"; };
		B5ADF5AF286B809B00CCF023 /* TagCollectionViewCell.swift */ = {isa = PBXFileReference; lastKnownFileType = sourcecode.swift; path = TagCollectionViewCell.swift; sourceTree = "<group>"; };
		B5B5C10A286CC2C200FC5134 /* TagDataModel.swift */ = {isa = PBXFileReference; lastKnownFileType = sourcecode.swift; path = TagDataModel.swift; sourceTree = "<group>"; };
		B5B5C10C286E086700FC5134 /* PhotoCollectionViewCell.swift */ = {isa = PBXFileReference; lastKnownFileType = sourcecode.swift; path = PhotoCollectionViewCell.swift; sourceTree = "<group>"; };
		B5B5C10F2871960900FC5134 /* MainViewController.swift */ = {isa = PBXFileReference; lastKnownFileType = sourcecode.swift; path = MainViewController.swift; sourceTree = "<group>"; };
		B5B5C111287198BC00FC5134 /* EventsCollectionViewCell.swift */ = {isa = PBXFileReference; lastKnownFileType = sourcecode.swift; path = EventsCollectionViewCell.swift; sourceTree = "<group>"; };
		B5B5C11528719D5200FC5134 /* EventDataModel.swift */ = {isa = PBXFileReference; lastKnownFileType = sourcecode.swift; path = EventDataModel.swift; sourceTree = "<group>"; };
		B5B5C1172871A64800FC5134 /* CollectionReusableView.swift */ = {isa = PBXFileReference; lastKnownFileType = sourcecode.swift; path = CollectionReusableView.swift; sourceTree = "<group>"; };
/* End PBXFileReference section */

/* Begin PBXFrameworksBuildPhase section */
		B5684D6A283A599400470CF8 /* Frameworks */ = {
			isa = PBXFrameworksBuildPhase;
			buildActionMask = 2147483647;
			files = (
				E49CFECB0D5A390D4511CC58 /* Pods_practice_ios.framework in Frameworks */,
			);
			runOnlyForDeploymentPostprocessing = 0;
		};
/* End PBXFrameworksBuildPhase section */

/* Begin PBXGroup section */
		B0092E159E631BB4DDCF9448 /* Frameworks */ = {
			isa = PBXGroup;
			children = (
				362A6E4D0AB187832A6FA994 /* Pods_practice_ios.framework */,
			);
			name = Frameworks;
			sourceTree = "<group>";
		};
		B5684D64283A599400470CF8 = {
			isa = PBXGroup;
			children = (
				B5684D6F283A599400470CF8 /* practice-ios */,
				B5684D6E283A599400470CF8 /* Products */,
				DBBCB9F71800952AEC24F68C /* Pods */,
				B0092E159E631BB4DDCF9448 /* Frameworks */,
			);
			sourceTree = "<group>";
		};
		B5684D6E283A599400470CF8 /* Products */ = {
			isa = PBXGroup;
			children = (
				B5684D6D283A599400470CF8 /* practice-ios.app */,
			);
			name = Products;
			sourceTree = "<group>";
		};
		B5684D6F283A599400470CF8 /* practice-ios */ = {
			isa = PBXGroup;
			children = (
				B5B5C10E287195EC00FC5134 /* Hous */,
				B5ADF5AA286B72E300CCF023 /* PhotoGallery */,
				B5ADF52C286399E600CCF023 /* Layout */,
				B5ADF5272861ED5C00CCF023 /* DispatchQueue */,
				B5684D84283A599B00470CF8 /* PassingData */,
				B5684D70283A599400470CF8 /* AppDelegate.swift */,
				B5684D72283A599400470CF8 /* SceneDelegate.swift */,
				B5684D74283A599400470CF8 /* ViewController.swift */,
				B5684D76283A599400470CF8 /* Main.storyboard */,
				B5684D79283A599500470CF8 /* Assets.xcassets */,
				B5684D7B283A599500470CF8 /* LaunchScreen.storyboard */,
				B5684D7E283A599500470CF8 /* Info.plist */,
			);
			path = "practice-ios";
			sourceTree = "<group>";
		};
		B5684D84283A599B00470CF8 /* PassingData */ = {
			isa = PBXGroup;
			children = (
				B5684DA4283A734500470CF8 /* Notification */,
				B5684DA3283A733D00470CF8 /* Closure */,
				B5684DA2283A733300470CF8 /* Instance */,
				B5684DA1283A732A00470CF8 /* Delegate */,
				B5684DA0283A731D00470CF8 /* InstanceProperty */,
				B5684D9F283A730400470CF8 /* Segue */,
				B5684D85283A59A800470CF8 /* FirstViewController.swift */,
				B5684D89283A59B100470CF8 /* First.storyboard */,
			);
			path = PassingData;
			sourceTree = "<group>";
		};
		B5684D9F283A730400470CF8 /* Segue */ = {
			isa = PBXGroup;
			children = (
				B5684D8D283A5CF600470CF8 /* SegueViewController.swift */,
			);
			path = Segue;
			sourceTree = "<group>";
		};
		B5684DA0283A731D00470CF8 /* InstanceProperty */ = {
			isa = PBXGroup;
			children = (
				B5684D87283A59AC00470CF8 /* SecondViewController.swift */,
				B5684D8B283A59B500470CF8 /* Second.storyboard */,
			);
			path = InstanceProperty;
			sourceTree = "<group>";
		};
		B5684DA1283A732A00470CF8 /* Delegate */ = {
			isa = PBXGroup;
			children = (
				B5684D93283A611000470CF8 /* DelegateViewController.swift */,
				B5684D95283A611500470CF8 /* Delegate.storyboard */,
			);
			path = Delegate;
			sourceTree = "<group>";
		};
		B5684DA2283A733300470CF8 /* Instance */ = {
			isa = PBXGroup;
			children = (
				B5684D8F283A5E1F00470CF8 /* InstanceViewController.swift */,
				B5684D91283A5E6100470CF8 /* Instance.storyboard */,
			);
			path = Instance;
			sourceTree = "<group>";
		};
		B5684DA3283A733D00470CF8 /* Closure */ = {
			isa = PBXGroup;
			children = (
				B5684D97283A685300470CF8 /* ClosureViewController.swift */,
				B5684D99283A685A00470CF8 /* Closure.storyboard */,
			);
			path = Closure;
			sourceTree = "<group>";
		};
		B5684DA4283A734500470CF8 /* Notification */ = {
			isa = PBXGroup;
			children = (
				B5684D9B283A6E1600470CF8 /* NotiViewController.swift */,
				B5684D9D283A6E2300470CF8 /* Noti.storyboard */,
			);
			path = Notification;
			sourceTree = "<group>";
		};
		B5ADF5272861ED5C00CCF023 /* DispatchQueue */ = {
			isa = PBXGroup;
			children = (
				B5ADF5252861ED4E00CCF023 /* DispatchQueue.swift */,
				B5ADF5282861ED7100CCF023 /* DispatchQueue.storyboard */,
			);
			path = DispatchQueue;
			sourceTree = "<group>";
		};
		B5ADF52C286399E600CCF023 /* Layout */ = {
			isa = PBXGroup;
			children = (
				B5ADF52A2863798900CCF023 /* hugging.storyboard */,
				B5ADF52F28639A0F00CCF023 /* CodeLayoutViewController.swift */,
			);
			path = Layout;
			sourceTree = "<group>";
		};
		B5ADF5AA286B72E300CCF023 /* PhotoGallery */ = {
			isa = PBXGroup;
			children = (
				B5B5C109286CC2B600FC5134 /* Model */,
				B5B5C106286CC1A600FC5134 /* Cells */,
				B5ADF5AB286B730100CCF023 /* PhotoMainViewController.swift */,
			);
			path = PhotoGallery;
			sourceTree = "<group>";
		};
		B5B5C106286CC1A600FC5134 /* Cells */ = {
			isa = PBXGroup;
			children = (
				B5ADF5AF286B809B00CCF023 /* TagCollectionViewCell.swift */,
				B5B5C10C286E086700FC5134 /* PhotoCollectionViewCell.swift */,
			);
			path = Cells;
			sourceTree = "<group>";
		};
		B5B5C109286CC2B600FC5134 /* Model */ = {
			isa = PBXGroup;
			children = (
				B5B5C10A286CC2C200FC5134 /* TagDataModel.swift */,
			);
			path = Model;
			sourceTree = "<group>";
		};
		B5B5C10E287195EC00FC5134 /* Hous */ = {
			isa = PBXGroup;
			children = (
				B5B5C11428719D3500FC5134 /* Model */,
				B5B5C113287198C100FC5134 /* Cells */,
				B5B5C10F2871960900FC5134 /* MainViewController.swift */,
				B5B5C1172871A64800FC5134 /* CollectionReusableView.swift */,
			);
			path = Hous;
			sourceTree = "<group>";
		};
		B5B5C113287198C100FC5134 /* Cells */ = {
			isa = PBXGroup;
			children = (
				B5B5C111287198BC00FC5134 /* EventsCollectionViewCell.swift */,
			);
			path = Cells;
			sourceTree = "<group>";
		};
		B5B5C11428719D3500FC5134 /* Model */ = {
			isa = PBXGroup;
			children = (
				B5B5C11528719D5200FC5134 /* EventDataModel.swift */,
			);
			path = Model;
			sourceTree = "<group>";
		};
		DBBCB9F71800952AEC24F68C /* Pods */ = {
			isa = PBXGroup;
			children = (
				37400F5FE560EA9C594E0F50 /* Pods-practice-ios.debug.xcconfig */,
				902D47A9545E2785905B1086 /* Pods-practice-ios.release.xcconfig */,
			);
			path = Pods;
			sourceTree = "<group>";
		};
/* End PBXGroup section */

/* Begin PBXNativeTarget section */
		B5684D6C283A599400470CF8 /* practice-ios */ = {
			isa = PBXNativeTarget;
			buildConfigurationList = B5684D81283A599500470CF8 /* Build configuration list for PBXNativeTarget "practice-ios" */;
			buildPhases = (
				1C374AAD12B600788BB3DA4B /* [CP] Check Pods Manifest.lock */,
				B5684D69283A599400470CF8 /* Sources */,
				B5684D6A283A599400470CF8 /* Frameworks */,
				B5684D6B283A599400470CF8 /* Resources */,
				D431E25528B9266C9D81DC9A /* [CP] Embed Pods Frameworks */,
			);
			buildRules = (
			);
			dependencies = (
			);
			name = "practice-ios";
			productName = "practice-ios";
			productReference = B5684D6D283A599400470CF8 /* practice-ios.app */;
			productType = "com.apple.product-type.application";
		};
/* End PBXNativeTarget section */

/* Begin PBXProject section */
		B5684D65283A599400470CF8 /* Project object */ = {
			isa = PBXProject;
			attributes = {
				BuildIndependentTargetsInParallel = 1;
				LastSwiftUpdateCheck = 1340;
				LastUpgradeCheck = 1340;
				TargetAttributes = {
					B5684D6C283A599400470CF8 = {
						CreatedOnToolsVersion = 13.4;
					};
				};
			};
			buildConfigurationList = B5684D68283A599400470CF8 /* Build configuration list for PBXProject "practice-ios" */;
			compatibilityVersion = "Xcode 13.0";
			developmentRegion = en;
			hasScannedForEncodings = 0;
			knownRegions = (
				en,
				Base,
			);
			mainGroup = B5684D64283A599400470CF8;
			productRefGroup = B5684D6E283A599400470CF8 /* Products */;
			projectDirPath = "";
			projectRoot = "";
			targets = (
				B5684D6C283A599400470CF8 /* practice-ios */,
			);
		};
/* End PBXProject section */

/* Begin PBXResourcesBuildPhase section */
		B5684D6B283A599400470CF8 /* Resources */ = {
			isa = PBXResourcesBuildPhase;
			buildActionMask = 2147483647;
			files = (
				B5ADF5292861ED7100CCF023 /* DispatchQueue.storyboard in Resources */,
				B5684D7D283A599500470CF8 /* LaunchScreen.storyboard in Resources */,
				B5ADF52B2863798900CCF023 /* hugging.storyboard in Resources */,
				B5684D7A283A599500470CF8 /* Assets.xcassets in Resources */,
				B5684D78283A599400470CF8 /* Main.storyboard in Resources */,
				B5684D92283A5E6100470CF8 /* Instance.storyboard in Resources */,
				B5684D96283A611500470CF8 /* Delegate.storyboard in Resources */,
				B5684D8C283A59B500470CF8 /* Second.storyboard in Resources */,
				B5684D9A283A685A00470CF8 /* Closure.storyboard in Resources */,
				B5684D8A283A59B100470CF8 /* First.storyboard in Resources */,
				B5684D9E283A6E2300470CF8 /* Noti.storyboard in Resources */,
			);
			runOnlyForDeploymentPostprocessing = 0;
		};
/* End PBXResourcesBuildPhase section */

/* Begin PBXShellScriptBuildPhase section */
		1C374AAD12B600788BB3DA4B /* [CP] Check Pods Manifest.lock */ = {
			isa = PBXShellScriptBuildPhase;
			buildActionMask = 2147483647;
			files = (
			);
			inputFileListPaths = (
			);
			inputPaths = (
				"${PODS_PODFILE_DIR_PATH}/Podfile.lock",
				"${PODS_ROOT}/Manifest.lock",
			);
			name = "[CP] Check Pods Manifest.lock";
			outputFileListPaths = (
			);
			outputPaths = (
				"$(DERIVED_FILE_DIR)/Pods-practice-ios-checkManifestLockResult.txt",
			);
			runOnlyForDeploymentPostprocessing = 0;
			shellPath = /bin/sh;
			shellScript = "diff \"${PODS_PODFILE_DIR_PATH}/Podfile.lock\" \"${PODS_ROOT}/Manifest.lock\" > /dev/null\nif [ $? != 0 ] ; then\n    # print error to STDERR\n    echo \"error: The sandbox is not in sync with the Podfile.lock. Run 'pod install' or update your CocoaPods installation.\" >&2\n    exit 1\nfi\n# This output is used by Xcode 'outputs' to avoid re-running this script phase.\necho \"SUCCESS\" > \"${SCRIPT_OUTPUT_FILE_0}\"\n";
			showEnvVarsInLog = 0;
		};
		D431E25528B9266C9D81DC9A /* [CP] Embed Pods Frameworks */ = {
			isa = PBXShellScriptBuildPhase;
			buildActionMask = 2147483647;
			files = (
			);
			inputFileListPaths = (
				"${PODS_ROOT}/Target Support Files/Pods-practice-ios/Pods-practice-ios-frameworks-${CONFIGURATION}-input-files.xcfilelist",
			);
			name = "[CP] Embed Pods Frameworks";
			outputFileListPaths = (
				"${PODS_ROOT}/Target Support Files/Pods-practice-ios/Pods-practice-ios-frameworks-${CONFIGURATION}-output-files.xcfilelist",
			);
			runOnlyForDeploymentPostprocessing = 0;
			shellPath = /bin/sh;
			shellScript = "\"${PODS_ROOT}/Target Support Files/Pods-practice-ios/Pods-practice-ios-frameworks.sh\"\n";
			showEnvVarsInLog = 0;
		};
/* End PBXShellScriptBuildPhase section */

/* Begin PBXSourcesBuildPhase section */
		B5684D69283A599400470CF8 /* Sources */ = {
			isa = PBXSourcesBuildPhase;
			buildActionMask = 2147483647;
			files = (
				B5684D98283A685300470CF8 /* ClosureViewController.swift in Sources */,
				B5B5C11628719D5200FC5134 /* EventDataModel.swift in Sources */,
				B5ADF5262861ED4E00CCF023 /* DispatchQueue.swift in Sources */,
				B5684D8E283A5CF600470CF8 /* SegueViewController.swift in Sources */,
				B5ADF5B0286B809B00CCF023 /* TagCollectionViewCell.swift in Sources */,
				B5684D9C283A6E1600470CF8 /* NotiViewController.swift in Sources */,
				B5B5C112287198BC00FC5134 /* EventsCollectionViewCell.swift in Sources */,
				B5684D94283A611000470CF8 /* DelegateViewController.swift in Sources */,
				B5B5C1182871A64800FC5134 /* CollectionReusableView.swift in Sources */,
				B5ADF5AC286B730100CCF023 /* PhotoMainViewController.swift in Sources */,
				B5B5C1102871960900FC5134 /* MainViewController.swift in Sources */,
				B5684D75283A599400470CF8 /* ViewController.swift in Sources */,
				B5684D71283A599400470CF8 /* AppDelegate.swift in Sources */,
				B5B5C10D286E086700FC5134 /* PhotoCollectionViewCell.swift in Sources */,
				B5B5C10B286CC2C200FC5134 /* TagDataModel.swift in Sources */,
				B5684D73283A599400470CF8 /* SceneDelegate.swift in Sources */,
				B5684D90283A5E1F00470CF8 /* InstanceViewController.swift in Sources */,
				B5ADF53028639A0F00CCF023 /* CodeLayoutViewController.swift in Sources */,
				B5684D88283A59AC00470CF8 /* SecondViewController.swift in Sources */,
				B5684D86283A59A800470CF8 /* FirstViewController.swift in Sources */,
			);
			runOnlyForDeploymentPostprocessing = 0;
		};
/* End PBXSourcesBuildPhase section */

/* Begin PBXVariantGroup section */
		B5684D76283A599400470CF8 /* Main.storyboard */ = {
			isa = PBXVariantGroup;
			children = (
				B5684D77283A599400470CF8 /* Base */,
			);
			name = Main.storyboard;
			sourceTree = "<group>";
		};
		B5684D7B283A599500470CF8 /* LaunchScreen.storyboard */ = {
			isa = PBXVariantGroup;
			children = (
				B5684D7C283A599500470CF8 /* Base */,
			);
			name = LaunchScreen.storyboard;
			sourceTree = "<group>";
		};
/* End PBXVariantGroup section */

/* Begin XCBuildConfiguration section */
		B5684D7F283A599500470CF8 /* Debug */ = {
			isa = XCBuildConfiguration;
			buildSettings = {
				ALWAYS_SEARCH_USER_PATHS = NO;
				CLANG_ANALYZER_NONNULL = YES;
				CLANG_ANALYZER_NUMBER_OBJECT_CONVERSION = YES_AGGRESSIVE;
				CLANG_CXX_LANGUAGE_STANDARD = "gnu++17";
				CLANG_ENABLE_MODULES = YES;
				CLANG_ENABLE_OBJC_ARC = YES;
				CLANG_ENABLE_OBJC_WEAK = YES;
				CLANG_WARN_BLOCK_CAPTURE_AUTORELEASING = YES;
				CLANG_WARN_BOOL_CONVERSION = YES;
				CLANG_WARN_COMMA = YES;
				CLANG_WARN_CONSTANT_CONVERSION = YES;
				CLANG_WARN_DEPRECATED_OBJC_IMPLEMENTATIONS = YES;
				CLANG_WARN_DIRECT_OBJC_ISA_USAGE = YES_ERROR;
				CLANG_WARN_DOCUMENTATION_COMMENTS = YES;
				CLANG_WARN_EMPTY_BODY = YES;
				CLANG_WARN_ENUM_CONVERSION = YES;
				CLANG_WARN_INFINITE_RECURSION = YES;
				CLANG_WARN_INT_CONVERSION = YES;
				CLANG_WARN_NON_LITERAL_NULL_CONVERSION = YES;
				CLANG_WARN_OBJC_IMPLICIT_RETAIN_SELF = YES;
				CLANG_WARN_OBJC_LITERAL_CONVERSION = YES;
				CLANG_WARN_OBJC_ROOT_CLASS = YES_ERROR;
				CLANG_WARN_QUOTED_INCLUDE_IN_FRAMEWORK_HEADER = YES;
				CLANG_WARN_RANGE_LOOP_ANALYSIS = YES;
				CLANG_WARN_STRICT_PROTOTYPES = YES;
				CLANG_WARN_SUSPICIOUS_MOVE = YES;
				CLANG_WARN_UNGUARDED_AVAILABILITY = YES_AGGRESSIVE;
				CLANG_WARN_UNREACHABLE_CODE = YES;
				CLANG_WARN__DUPLICATE_METHOD_MATCH = YES;
				COPY_PHASE_STRIP = NO;
				DEBUG_INFORMATION_FORMAT = dwarf;
				ENABLE_STRICT_OBJC_MSGSEND = YES;
				ENABLE_TESTABILITY = YES;
				GCC_C_LANGUAGE_STANDARD = gnu11;
				GCC_DYNAMIC_NO_PIC = NO;
				GCC_NO_COMMON_BLOCKS = YES;
				GCC_OPTIMIZATION_LEVEL = 0;
				GCC_PREPROCESSOR_DEFINITIONS = (
					"DEBUG=1",
					"$(inherited)",
				);
				GCC_WARN_64_TO_32_BIT_CONVERSION = YES;
				GCC_WARN_ABOUT_RETURN_TYPE = YES_ERROR;
				GCC_WARN_UNDECLARED_SELECTOR = YES;
				GCC_WARN_UNINITIALIZED_AUTOS = YES_AGGRESSIVE;
				GCC_WARN_UNUSED_FUNCTION = YES;
				GCC_WARN_UNUSED_VARIABLE = YES;
				IPHONEOS_DEPLOYMENT_TARGET = 15.5;
				MTL_ENABLE_DEBUG_INFO = INCLUDE_SOURCE;
				MTL_FAST_MATH = YES;
				ONLY_ACTIVE_ARCH = YES;
				SDKROOT = iphoneos;
				SWIFT_ACTIVE_COMPILATION_CONDITIONS = DEBUG;
				SWIFT_OPTIMIZATION_LEVEL = "-Onone";
			};
			name = Debug;
		};
		B5684D80283A599500470CF8 /* Release */ = {
			isa = XCBuildConfiguration;
			buildSettings = {
				ALWAYS_SEARCH_USER_PATHS = NO;
				CLANG_ANALYZER_NONNULL = YES;
				CLANG_ANALYZER_NUMBER_OBJECT_CONVERSION = YES_AGGRESSIVE;
				CLANG_CXX_LANGUAGE_STANDARD = "gnu++17";
				CLANG_ENABLE_MODULES = YES;
				CLANG_ENABLE_OBJC_ARC = YES;
				CLANG_ENABLE_OBJC_WEAK = YES;
				CLANG_WARN_BLOCK_CAPTURE_AUTORELEASING = YES;
				CLANG_WARN_BOOL_CONVERSION = YES;
				CLANG_WARN_COMMA = YES;
				CLANG_WARN_CONSTANT_CONVERSION = YES;
				CLANG_WARN_DEPRECATED_OBJC_IMPLEMENTATIONS = YES;
				CLANG_WARN_DIRECT_OBJC_ISA_USAGE = YES_ERROR;
				CLANG_WARN_DOCUMENTATION_COMMENTS = YES;
				CLANG_WARN_EMPTY_BODY = YES;
				CLANG_WARN_ENUM_CONVERSION = YES;
				CLANG_WARN_INFINITE_RECURSION = YES;
				CLANG_WARN_INT_CONVERSION = YES;
				CLANG_WARN_NON_LITERAL_NULL_CONVERSION = YES;
				CLANG_WARN_OBJC_IMPLICIT_RETAIN_SELF = YES;
				CLANG_WARN_OBJC_LITERAL_CONVERSION = YES;
				CLANG_WARN_OBJC_ROOT_CLASS = YES_ERROR;
				CLANG_WARN_QUOTED_INCLUDE_IN_FRAMEWORK_HEADER = YES;
				CLANG_WARN_RANGE_LOOP_ANALYSIS = YES;
				CLANG_WARN_STRICT_PROTOTYPES = YES;
				CLANG_WARN_SUSPICIOUS_MOVE = YES;
				CLANG_WARN_UNGUARDED_AVAILABILITY = YES_AGGRESSIVE;
				CLANG_WARN_UNREACHABLE_CODE = YES;
				CLANG_WARN__DUPLICATE_METHOD_MATCH = YES;
				COPY_PHASE_STRIP = NO;
				DEBUG_INFORMATION_FORMAT = "dwarf-with-dsym";
				ENABLE_NS_ASSERTIONS = NO;
				ENABLE_STRICT_OBJC_MSGSEND = YES;
				GCC_C_LANGUAGE_STANDARD = gnu11;
				GCC_NO_COMMON_BLOCKS = YES;
				GCC_WARN_64_TO_32_BIT_CONVERSION = YES;
				GCC_WARN_ABOUT_RETURN_TYPE = YES_ERROR;
				GCC_WARN_UNDECLARED_SELECTOR = YES;
				GCC_WARN_UNINITIALIZED_AUTOS = YES_AGGRESSIVE;
				GCC_WARN_UNUSED_FUNCTION = YES;
				GCC_WARN_UNUSED_VARIABLE = YES;
				IPHONEOS_DEPLOYMENT_TARGET = 15.5;
				MTL_ENABLE_DEBUG_INFO = NO;
				MTL_FAST_MATH = YES;
				SDKROOT = iphoneos;
				SWIFT_COMPILATION_MODE = wholemodule;
				SWIFT_OPTIMIZATION_LEVEL = "-O";
				VALIDATE_PRODUCT = YES;
			};
			name = Release;
		};
		B5684D82283A599500470CF8 /* Debug */ = {
			isa = XCBuildConfiguration;
			baseConfigurationReference = 37400F5FE560EA9C594E0F50 /* Pods-practice-ios.debug.xcconfig */;
			buildSettings = {
				ASSETCATALOG_COMPILER_APPICON_NAME = AppIcon;
				ASSETCATALOG_COMPILER_GLOBAL_ACCENT_COLOR_NAME = AccentColor;
				CODE_SIGN_STYLE = Automatic;
				CURRENT_PROJECT_VERSION = 1;
				GENERATE_INFOPLIST_FILE = YES;
				INFOPLIST_FILE = "practice-ios/Info.plist";
				INFOPLIST_KEY_UIApplicationSupportsIndirectInputEvents = YES;
				INFOPLIST_KEY_UILaunchStoryboardName = LaunchScreen;
				INFOPLIST_KEY_UISupportedInterfaceOrientations_iPad = "UIInterfaceOrientationPortrait UIInterfaceOrientationPortraitUpsideDown UIInterfaceOrientationLandscapeLeft UIInterfaceOrientationLandscapeRight";
				INFOPLIST_KEY_UISupportedInterfaceOrientations_iPhone = "UIInterfaceOrientationPortrait UIInterfaceOrientationLandscapeLeft UIInterfaceOrientationLandscapeRight";
				LD_RUNPATH_SEARCH_PATHS = (
					"$(inherited)",
					"@executable_path/Frameworks",
				);
				MARKETING_VERSION = 1.0;
				PRODUCT_BUNDLE_IDENTIFIER = "minjae.practice-ios";
				PRODUCT_NAME = "$(TARGET_NAME)";
				SWIFT_EMIT_LOC_STRINGS = YES;
				SWIFT_VERSION = 5.0;
				TARGETED_DEVICE_FAMILY = "1,2";
			};
			name = Debug;
		};
		B5684D83283A599500470CF8 /* Release */ = {
			isa = XCBuildConfiguration;
			baseConfigurationReference = 902D47A9545E2785905B1086 /* Pods-practice-ios.release.xcconfig */;
			buildSettings = {
				ASSETCATALOG_COMPILER_APPICON_NAME = AppIcon;
				ASSETCATALOG_COMPILER_GLOBAL_ACCENT_COLOR_NAME = AccentColor;
				CODE_SIGN_STYLE = Automatic;
				CURRENT_PROJECT_VERSION = 1;
				GENERATE_INFOPLIST_FILE = YES;
				INFOPLIST_FILE = "practice-ios/Info.plist";
				INFOPLIST_KEY_UIApplicationSupportsIndirectInputEvents = YES;
				INFOPLIST_KEY_UILaunchStoryboardName = LaunchScreen;
				INFOPLIST_KEY_UISupportedInterfaceOrientations_iPad = "UIInterfaceOrientationPortrait UIInterfaceOrientationPortraitUpsideDown UIInterfaceOrientationLandscapeLeft UIInterfaceOrientationLandscapeRight";
				INFOPLIST_KEY_UISupportedInterfaceOrientations_iPhone = "UIInterfaceOrientationPortrait UIInterfaceOrientationLandscapeLeft UIInterfaceOrientationLandscapeRight";
				LD_RUNPATH_SEARCH_PATHS = (
					"$(inherited)",
					"@executable_path/Frameworks",
				);
				MARKETING_VERSION = 1.0;
				PRODUCT_BUNDLE_IDENTIFIER = "minjae.practice-ios";
				PRODUCT_NAME = "$(TARGET_NAME)";
				SWIFT_EMIT_LOC_STRINGS = YES;
				SWIFT_VERSION = 5.0;
				TARGETED_DEVICE_FAMILY = "1,2";
			};
			name = Release;
		};
/* End XCBuildConfiguration section */

/* Begin XCConfigurationList section */
		B5684D68283A599400470CF8 /* Build configuration list for PBXProject "practice-ios" */ = {
			isa = XCConfigurationList;
			buildConfigurations = (
				B5684D7F283A599500470CF8 /* Debug */,
				B5684D80283A599500470CF8 /* Release */,
			);
			defaultConfigurationIsVisible = 0;
			defaultConfigurationName = Release;
		};
		B5684D81283A599500470CF8 /* Build configuration list for PBXNativeTarget "practice-ios" */ = {
			isa = XCConfigurationList;
			buildConfigurations = (
				B5684D82283A599500470CF8 /* Debug */,
				B5684D83283A599500470CF8 /* Release */,
			);
			defaultConfigurationIsVisible = 0;
			defaultConfigurationName = Release;
		};
/* End XCConfigurationList section */
	};
	rootObject = B5684D65283A599400470CF8 /* Project object */;
}
